// !$*UTF8*$!
{
	archiveVersion = 1;
	classes = {
	};
	objectVersion = 48;
	objects = {

/* Begin PBXBuildFile section */
		032E5CF81FB4E87A00AE53C5 /* Networking.m in Sources */ = {isa = PBXBuildFile; fileRef = 032E5CF71FB4E87A00AE53C5 /* Networking.m */; };
		03510A341FB4F69A002F53DA /* TeamListDataSourceImpl.m in Sources */ = {isa = PBXBuildFile; fileRef = 03510A331FB4F69A002F53DA /* TeamListDataSourceImpl.m */; };
		03510A381FB4F7FC002F53DA /* ApiUrlFactory.m in Sources */ = {isa = PBXBuildFile; fileRef = 03510A371FB4F7FC002F53DA /* ApiUrlFactory.m */; };
		03510A3E1FB50382002F53DA /* DataSourceFactory.m in Sources */ = {isa = PBXBuildFile; fileRef = 03510A3D1FB50382002F53DA /* DataSourceFactory.m */; };
		03510A411FB515BD002F53DA /* TeamListCell.m in Sources */ = {isa = PBXBuildFile; fileRef = 03510A401FB515BD002F53DA /* TeamListCell.m */; };
		03510A441FB516F3002F53DA /* TeamListModel.m in Sources */ = {isa = PBXBuildFile; fileRef = 03510A431FB516F3002F53DA /* TeamListModel.m */; };
		03510A481FB51E3C002F53DA /* Settings.m in Sources */ = {isa = PBXBuildFile; fileRef = 03510A471FB51E3C002F53DA /* Settings.m */; };
		03510A4B1FB5254A002F53DA /* MappedObject.m in Sources */ = {isa = PBXBuildFile; fileRef = 03510A4A1FB5254A002F53DA /* MappedObject.m */; };
		03510A531FB5676C002F53DA /* SyntaxSugar.m in Sources */ = {isa = PBXBuildFile; fileRef = 03510A521FB5676C002F53DA /* SyntaxSugar.m */; };
		0377A3D41FB4E68200281840 /* AppDelegate.m in Sources */ = {isa = PBXBuildFile; fileRef = 0377A3D31FB4E68200281840 /* AppDelegate.m */; };
		0377A3D71FB4E68200281840 /* TeamListViewController.m in Sources */ = {isa = PBXBuildFile; fileRef = 0377A3D61FB4E68200281840 /* TeamListViewController.m */; };
		0377A3DC1FB4E68200281840 /* Assets.xcassets in Resources */ = {isa = PBXBuildFile; fileRef = 0377A3DB1FB4E68200281840 /* Assets.xcassets */; };
		0377A3E21FB4E68200281840 /* main.m in Sources */ = {isa = PBXBuildFile; fileRef = 0377A3E11FB4E68200281840 /* main.m */; };
		04165F341FB5AAAC00F6ED88 /* StatefulViewController.m in Sources */ = {isa = PBXBuildFile; fileRef = 04165F331FB5AAAC00F6ED88 /* StatefulViewController.m */; };
		165C10C2DF19498CB6A33655 /* libPods-MotisPlayground.a in Frameworks */ = {isa = PBXBuildFile; fileRef = 6C7923ABCB114DEA56F5A3CD /* libPods-MotisPlayground.a */; };
/* End PBXBuildFile section */

/* Begin PBXFileReference section */
		032E5CF61FB4E87A00AE53C5 /* Networking.h */ = {isa = PBXFileReference; lastKnownFileType = sourcecode.c.h; path = Networking.h; sourceTree = "<group>"; };
		032E5CF71FB4E87A00AE53C5 /* Networking.m */ = {isa = PBXFileReference; lastKnownFileType = sourcecode.c.objc; path = Networking.m; sourceTree = "<group>"; };
		03510A321FB4F69A002F53DA /* TeamListDataSourceImpl.h */ = {isa = PBXFileReference; lastKnownFileType = sourcecode.c.h; path = TeamListDataSourceImpl.h; sourceTree = "<group>"; };
		03510A331FB4F69A002F53DA /* TeamListDataSourceImpl.m */ = {isa = PBXFileReference; lastKnownFileType = sourcecode.c.objc; path = TeamListDataSourceImpl.m; sourceTree = "<group>"; };
		03510A351FB4F795002F53DA /* TeamListDataSource.h */ = {isa = PBXFileReference; lastKnownFileType = sourcecode.c.h; path = TeamListDataSource.h; sourceTree = "<group>"; };
		03510A361FB4F7FC002F53DA /* ApiUrlFactory.h */ = {isa = PBXFileReference; lastKnownFileType = sourcecode.c.h; path = ApiUrlFactory.h; sourceTree = "<group>"; };
		03510A371FB4F7FC002F53DA /* ApiUrlFactory.m */ = {isa = PBXFileReference; lastKnownFileType = sourcecode.c.objc; path = ApiUrlFactory.m; sourceTree = "<group>"; };
		03510A3C1FB50382002F53DA /* DataSourceFactory.h */ = {isa = PBXFileReference; lastKnownFileType = sourcecode.c.h; path = DataSourceFactory.h; sourceTree = "<group>"; };
		03510A3D1FB50382002F53DA /* DataSourceFactory.m */ = {isa = PBXFileReference; lastKnownFileType = sourcecode.c.objc; path = DataSourceFactory.m; sourceTree = "<group>"; };
		03510A3F1FB515BD002F53DA /* TeamListCell.h */ = {isa = PBXFileReference; lastKnownFileType = sourcecode.c.h; path = TeamListCell.h; sourceTree = "<group>"; };
		03510A401FB515BD002F53DA /* TeamListCell.m */ = {isa = PBXFileReference; lastKnownFileType = sourcecode.c.objc; path = TeamListCell.m; sourceTree = "<group>"; };
		03510A421FB516F3002F53DA /* TeamListModel.h */ = {isa = PBXFileReference; lastKnownFileType = sourcecode.c.h; path = TeamListModel.h; sourceTree = "<group>"; };
		03510A431FB516F3002F53DA /* TeamListModel.m */ = {isa = PBXFileReference; lastKnownFileType = sourcecode.c.objc; path = TeamListModel.m; sourceTree = "<group>"; };
		03510A461FB51E3C002F53DA /* Settings.h */ = {isa = PBXFileReference; lastKnownFileType = sourcecode.c.h; path = Settings.h; sourceTree = "<group>"; };
		03510A471FB51E3C002F53DA /* Settings.m */ = {isa = PBXFileReference; lastKnownFileType = sourcecode.c.objc; path = Settings.m; sourceTree = "<group>"; };
		03510A491FB5254A002F53DA /* MappedObject.h */ = {isa = PBXFileReference; lastKnownFileType = sourcecode.c.h; path = MappedObject.h; sourceTree = "<group>"; };
		03510A4A1FB5254A002F53DA /* MappedObject.m */ = {isa = PBXFileReference; lastKnownFileType = sourcecode.c.objc; path = MappedObject.m; sourceTree = "<group>"; };
		03510A4D1FB52B8D002F53DA /* DisplayState.h */ = {isa = PBXFileReference; lastKnownFileType = sourcecode.c.h; path = DisplayState.h; sourceTree = "<group>"; };
		03510A511FB5676C002F53DA /* SyntaxSugar.h */ = {isa = PBXFileReference; lastKnownFileType = sourcecode.c.h; path = SyntaxSugar.h; sourceTree = "<group>"; };
		03510A521FB5676C002F53DA /* SyntaxSugar.m */ = {isa = PBXFileReference; lastKnownFileType = sourcecode.c.objc; path = SyntaxSugar.m; sourceTree = "<group>"; };
		0377A3CF1FB4E68200281840 /* MotisPlayground.app */ = {isa = PBXFileReference; explicitFileType = wrapper.application; includeInIndex = 0; path = MotisPlayground.app; sourceTree = BUILT_PRODUCTS_DIR; };
		0377A3D21FB4E68200281840 /* AppDelegate.h */ = {isa = PBXFileReference; lastKnownFileType = sourcecode.c.h; path = AppDelegate.h; sourceTree = "<group>"; };
		0377A3D31FB4E68200281840 /* AppDelegate.m */ = {isa = PBXFileReference; lastKnownFileType = sourcecode.c.objc; path = AppDelegate.m; sourceTree = "<group>"; };
		0377A3D51FB4E68200281840 /* TeamListViewController.h */ = {isa = PBXFileReference; lastKnownFileType = sourcecode.c.h; path = TeamListViewController.h; sourceTree = "<group>"; };
		0377A3D61FB4E68200281840 /* TeamListViewController.m */ = {isa = PBXFileReference; lastKnownFileType = sourcecode.c.objc; path = TeamListViewController.m; sourceTree = "<group>"; };
		0377A3DB1FB4E68200281840 /* Assets.xcassets */ = {isa = PBXFileReference; lastKnownFileType = folder.assetcatalog; path = Assets.xcassets; sourceTree = "<group>"; };
		0377A3E01FB4E68200281840 /* Info.plist */ = {isa = PBXFileReference; lastKnownFileType = text.plist.xml; path = Info.plist; sourceTree = "<group>"; };
		0377A3E11FB4E68200281840 /* main.m */ = {isa = PBXFileReference; lastKnownFileType = sourcecode.c.objc; path = main.m; sourceTree = "<group>"; };
		04165F321FB5AAAC00F6ED88 /* StatefulViewController.h */ = {isa = PBXFileReference; lastKnownFileType = sourcecode.c.h; path = StatefulViewController.h; sourceTree = "<group>"; };
		04165F331FB5AAAC00F6ED88 /* StatefulViewController.m */ = {isa = PBXFileReference; lastKnownFileType = sourcecode.c.objc; path = StatefulViewController.m; sourceTree = "<group>"; };
		6C7923ABCB114DEA56F5A3CD /* libPods-MotisPlayground.a */ = {isa = PBXFileReference; explicitFileType = archive.ar; includeInIndex = 0; path = "libPods-MotisPlayground.a"; sourceTree = BUILT_PRODUCTS_DIR; };
		7A961112CC5ED2A26475C51C /* Pods-MotisPlayground.debug.xcconfig */ = {isa = PBXFileReference; includeInIndex = 1; lastKnownFileType = text.xcconfig; name = "Pods-MotisPlayground.debug.xcconfig"; path = "Pods/Target Support Files/Pods-MotisPlayground/Pods-MotisPlayground.debug.xcconfig"; sourceTree = "<group>"; };
		FE229140807E236D30DADBF2 /* Pods-MotisPlayground.release.xcconfig */ = {isa = PBXFileReference; includeInIndex = 1; lastKnownFileType = text.xcconfig; name = "Pods-MotisPlayground.release.xcconfig"; path = "Pods/Target Support Files/Pods-MotisPlayground/Pods-MotisPlayground.release.xcconfig"; sourceTree = "<group>"; };
/* End PBXFileReference section */

/* Begin PBXFrameworksBuildPhase section */
		0377A3CC1FB4E68200281840 /* Frameworks */ = {
			isa = PBXFrameworksBuildPhase;
			buildActionMask = 2147483647;
			files = (
				165C10C2DF19498CB6A33655 /* libPods-MotisPlayground.a in Frameworks */,
			);
			runOnlyForDeploymentPostprocessing = 0;
		};
/* End PBXFrameworksBuildPhase section */

/* Begin PBXGroup section */
		03510A391FB4F808002F53DA /* Network */ = {
			isa = PBXGroup;
			children = (
				032E5CF61FB4E87A00AE53C5 /* Networking.h */,
				032E5CF71FB4E87A00AE53C5 /* Networking.m */,
				03510A361FB4F7FC002F53DA /* ApiUrlFactory.h */,
				03510A371FB4F7FC002F53DA /* ApiUrlFactory.m */,
			);
			path = Network;
			sourceTree = "<group>";
		};
		03510A3A1FB4F821002F53DA /* UI */ = {
			isa = PBXGroup;
			children = (
				04165F321FB5AAAC00F6ED88 /* StatefulViewController.h */,
				04165F331FB5AAAC00F6ED88 /* StatefulViewController.m */,
				0377A3D51FB4E68200281840 /* TeamListViewController.h */,
				0377A3D61FB4E68200281840 /* TeamListViewController.m */,
				03510A3F1FB515BD002F53DA /* TeamListCell.h */,
				03510A401FB515BD002F53DA /* TeamListCell.m */,
			);
			path = UI;
			sourceTree = "<group>";
		};
		03510A3B1FB4F829002F53DA /* Model */ = {
			isa = PBXGroup;
			children = (
				03510A3C1FB50382002F53DA /* DataSourceFactory.h */,
				03510A3D1FB50382002F53DA /* DataSourceFactory.m */,
				03510A351FB4F795002F53DA /* TeamListDataSource.h */,
				03510A321FB4F69A002F53DA /* TeamListDataSourceImpl.h */,
				03510A331FB4F69A002F53DA /* TeamListDataSourceImpl.m */,
				03510A421FB516F3002F53DA /* TeamListModel.h */,
				03510A431FB516F3002F53DA /* TeamListModel.m */,
			);
			path = Model;
			sourceTree = "<group>";
		};
		03510A4C1FB52583002F53DA /* Helpers */ = {
			isa = PBXGroup;
			children = (
				03510A491FB5254A002F53DA /* MappedObject.h */,
				03510A4A1FB5254A002F53DA /* MappedObject.m */,
				03510A4D1FB52B8D002F53DA /* DisplayState.h */,
				03510A511FB5676C002F53DA /* SyntaxSugar.h */,
				03510A521FB5676C002F53DA /* SyntaxSugar.m */,
			);
			path = Helpers;
			sourceTree = "<group>";
		};
		0377A3C61FB4E68200281840 = {
			isa = PBXGroup;
			children = (
				0377A3D11FB4E68200281840 /* MotisPlayground */,
				0377A3D01FB4E68200281840 /* Products */,
				E5DFF71C3E8D52CE342AAF2B /* Pods */,
				1FE54C7F06128EF0E2166209 /* Frameworks */,
			);
			sourceTree = "<group>";
		};
		0377A3D01FB4E68200281840 /* Products */ = {
			isa = PBXGroup;
			children = (
				0377A3CF1FB4E68200281840 /* MotisPlayground.app */,
			);
			name = Products;
			sourceTree = "<group>";
		};
		0377A3D11FB4E68200281840 /* MotisPlayground */ = {
			isa = PBXGroup;
			children = (
				03510A461FB51E3C002F53DA /* Settings.h */,
				03510A471FB51E3C002F53DA /* Settings.m */,
				0377A3D21FB4E68200281840 /* AppDelegate.h */,
				0377A3D31FB4E68200281840 /* AppDelegate.m */,
				03510A3A1FB4F821002F53DA /* UI */,
				03510A3B1FB4F829002F53DA /* Model */,
				03510A391FB4F808002F53DA /* Network */,
				03510A4C1FB52583002F53DA /* Helpers */,
				0377A3DB1FB4E68200281840 /* Assets.xcassets */,
				0377A3E01FB4E68200281840 /* Info.plist */,
				0377A3E11FB4E68200281840 /* main.m */,
			);
			path = MotisPlayground;
			sourceTree = "<group>";
		};
		1FE54C7F06128EF0E2166209 /* Frameworks */ = {
			isa = PBXGroup;
			children = (
				6C7923ABCB114DEA56F5A3CD /* libPods-MotisPlayground.a */,
			);
			name = Frameworks;
			sourceTree = "<group>";
		};
		E5DFF71C3E8D52CE342AAF2B /* Pods */ = {
			isa = PBXGroup;
			children = (
				7A961112CC5ED2A26475C51C /* Pods-MotisPlayground.debug.xcconfig */,
				FE229140807E236D30DADBF2 /* Pods-MotisPlayground.release.xcconfig */,
			);
			name = Pods;
			sourceTree = "<group>";
		};
/* End PBXGroup section */

/* Begin PBXNativeTarget section */
		0377A3CE1FB4E68200281840 /* MotisPlayground */ = {
			isa = PBXNativeTarget;
			buildConfigurationList = 0377A3E51FB4E68200281840 /* Build configuration list for PBXNativeTarget "MotisPlayground" */;
			buildPhases = (
				D7D2CEAF1C84E66315BC7350 /* [CP] Check Pods Manifest.lock */,
				0377A3CB1FB4E68200281840 /* Sources */,
				0377A3CC1FB4E68200281840 /* Frameworks */,
				0377A3CD1FB4E68200281840 /* Resources */,
				47290E68EC3B8AB3332C9CA0 /* [CP] Embed Pods Frameworks */,
				6530F6EB3105698040FA4B09 /* [CP] Copy Pods Resources */,
			);
			buildRules = (
			);
			dependencies = (
			);
			name = MotisPlayground;
			productName = MotisPlayground;
			productReference = 0377A3CF1FB4E68200281840 /* MotisPlayground.app */;
			productType = "com.apple.product-type.application";
		};
/* End PBXNativeTarget section */

/* Begin PBXProject section */
		0377A3C71FB4E68200281840 /* Project object */ = {
			isa = PBXProject;
			attributes = {
				LastUpgradeCheck = 0900;
				ORGANIZATIONNAME = Dmitry;
				TargetAttributes = {
					0377A3CE1FB4E68200281840 = {
						CreatedOnToolsVersion = 9.0;
						ProvisioningStyle = Automatic;
					};
				};
			};
			buildConfigurationList = 0377A3CA1FB4E68200281840 /* Build configuration list for PBXProject "MotisPlayground" */;
			compatibilityVersion = "Xcode 8.0";
			developmentRegion = en;
			hasScannedForEncodings = 0;
			knownRegions = (
				en,
				Base,
			);
			mainGroup = 0377A3C61FB4E68200281840;
			productRefGroup = 0377A3D01FB4E68200281840 /* Products */;
			projectDirPath = "";
			projectRoot = "";
			targets = (
				0377A3CE1FB4E68200281840 /* MotisPlayground */,
			);
		};
/* End PBXProject section */

/* Begin PBXResourcesBuildPhase section */
		0377A3CD1FB4E68200281840 /* Resources */ = {
			isa = PBXResourcesBuildPhase;
			buildActionMask = 2147483647;
			files = (
				0377A3DC1FB4E68200281840 /* Assets.xcassets in Resources */,
			);
			runOnlyForDeploymentPostprocessing = 0;
		};
/* End PBXResourcesBuildPhase section */

/* Begin PBXShellScriptBuildPhase section */
		47290E68EC3B8AB3332C9CA0 /* [CP] Embed Pods Frameworks */ = {
			isa = PBXShellScriptBuildPhase;
			buildActionMask = 2147483647;
			files = (
			);
			inputPaths = (
			);
			name = "[CP] Embed Pods Frameworks";
			outputPaths = (
			);
			runOnlyForDeploymentPostprocessing = 0;
			shellPath = /bin/sh;
			shellScript = "\"${SRCROOT}/Pods/Target Support Files/Pods-MotisPlayground/Pods-MotisPlayground-frameworks.sh\"\n";
			showEnvVarsInLog = 0;
		};
		6530F6EB3105698040FA4B09 /* [CP] Copy Pods Resources */ = {
			isa = PBXShellScriptBuildPhase;
			buildActionMask = 2147483647;
			files = (
			);
			inputPaths = (
			);
			name = "[CP] Copy Pods Resources";
			outputPaths = (
			);
			runOnlyForDeploymentPostprocessing = 0;
			shellPath = /bin/sh;
			shellScript = "\"${SRCROOT}/Pods/Target Support Files/Pods-MotisPlayground/Pods-MotisPlayground-resources.sh\"\n";
			showEnvVarsInLog = 0;
		};
		D7D2CEAF1C84E66315BC7350 /* [CP] Check Pods Manifest.lock */ = {
			isa = PBXShellScriptBuildPhase;
			buildActionMask = 2147483647;
			files = (
			);
			inputPaths = (
				"${PODS_PODFILE_DIR_PATH}/Podfile.lock",
				"${PODS_ROOT}/Manifest.lock",
			);
			name = "[CP] Check Pods Manifest.lock";
			outputPaths = (
				"$(DERIVED_FILE_DIR)/Pods-MotisPlayground-checkManifestLockResult.txt",
			);
			runOnlyForDeploymentPostprocessing = 0;
			shellPath = /bin/sh;
			shellScript = "diff \"${PODS_PODFILE_DIR_PATH}/Podfile.lock\" \"${PODS_ROOT}/Manifest.lock\" > /dev/null\nif [ $? != 0 ] ; then\n    # print error to STDERR\n    echo \"error: The sandbox is not in sync with the Podfile.lock. Run 'pod install' or update your CocoaPods installation.\" >&2\n    exit 1\nfi\n# This output is used by Xcode 'outputs' to avoid re-running this script phase.\necho \"SUCCESS\" > \"${SCRIPT_OUTPUT_FILE_0}\"\n";
			showEnvVarsInLog = 0;
		};
/* End PBXShellScriptBuildPhase section */

/* Begin PBXSourcesBuildPhase section */
		0377A3CB1FB4E68200281840 /* Sources */ = {
			isa = PBXSourcesBuildPhase;
			buildActionMask = 2147483647;
			files = (
				0377A3D71FB4E68200281840 /* TeamListViewController.m in Sources */,
				03510A381FB4F7FC002F53DA /* ApiUrlFactory.m in Sources */,
				03510A481FB51E3C002F53DA /* Settings.m in Sources */,
				03510A3E1FB50382002F53DA /* DataSourceFactory.m in Sources */,
				04165F341FB5AAAC00F6ED88 /* StatefulViewController.m in Sources */,
				03510A531FB5676C002F53DA /* SyntaxSugar.m in Sources */,
				03510A341FB4F69A002F53DA /* TeamListDataSourceImpl.m in Sources */,
				03510A411FB515BD002F53DA /* TeamListCell.m in Sources */,
				0377A3E21FB4E68200281840 /* main.m in Sources */,
				0377A3D41FB4E68200281840 /* AppDelegate.m in Sources */,
				03510A4B1FB5254A002F53DA /* MappedObject.m in Sources */,
				03510A441FB516F3002F53DA /* TeamListModel.m in Sources */,
				032E5CF81FB4E87A00AE53C5 /* Networking.m in Sources */,
			);
			runOnlyForDeploymentPostprocessing = 0;
		};
/* End PBXSourcesBuildPhase section */

/* Begin XCBuildConfiguration section */
		0377A3E31FB4E68200281840 /* Debug */ = {
			isa = XCBuildConfiguration;
			buildSettings = {
				ALWAYS_SEARCH_USER_PATHS = NO;
				CLANG_ANALYZER_NONNULL = YES;
				CLANG_ANALYZER_NUMBER_OBJECT_CONVERSION = YES_AGGRESSIVE;
				CLANG_CXX_LANGUAGE_STANDARD = "gnu++14";
				CLANG_CXX_LIBRARY = "libc++";
				CLANG_ENABLE_MODULES = YES;
				CLANG_ENABLE_OBJC_ARC = YES;
				CLANG_WARN_BLOCK_CAPTURE_AUTORELEASING = YES;
				CLANG_WARN_BOOL_CONVERSION = YES;
				CLANG_WARN_COMMA = YES;
				CLANG_WARN_CONSTANT_CONVERSION = YES;
				CLANG_WARN_DIRECT_OBJC_ISA_USAGE = YES_ERROR;
				CLANG_WARN_DOCUMENTATION_COMMENTS = YES;
				CLANG_WARN_EMPTY_BODY = YES;
				CLANG_WARN_ENUM_CONVERSION = YES;
				CLANG_WARN_INFINITE_RECURSION = YES;
				CLANG_WARN_INT_CONVERSION = YES;
				CLANG_WARN_NON_LITERAL_NULL_CONVERSION = YES;
				CLANG_WARN_OBJC_LITERAL_CONVERSION = YES;
				CLANG_WARN_OBJC_ROOT_CLASS = YES_ERROR;
				CLANG_WARN_RANGE_LOOP_ANALYSIS = YES;
				CLANG_WARN_STRICT_PROTOTYPES = YES;
				CLANG_WARN_SUSPICIOUS_MOVE = YES;
				CLANG_WARN_UNGUARDED_AVAILABILITY = YES_AGGRESSIVE;
				CLANG_WARN_UNREACHABLE_CODE = YES;
				CLANG_WARN__DUPLICATE_METHOD_MATCH = YES;
				CODE_SIGN_IDENTITY = "iPhone Developer";
				COPY_PHASE_STRIP = NO;
				DEBUG_INFORMATION_FORMAT = dwarf;
				ENABLE_STRICT_OBJC_MSGSEND = YES;
				ENABLE_TESTABILITY = YES;
				GCC_C_LANGUAGE_STANDARD = gnu11;
				GCC_DYNAMIC_NO_PIC = NO;
				GCC_NO_COMMON_BLOCKS = YES;
				GCC_OPTIMIZATION_LEVEL = 0;
				GCC_PREPROCESSOR_DEFINITIONS = (
					"DEBUG=1",
					"$(inherited)",
				);
				GCC_WARN_64_TO_32_BIT_CONVERSION = YES;
				GCC_WARN_ABOUT_RETURN_TYPE = YES_ERROR;
				GCC_WARN_UNDECLARED_SELECTOR = YES;
				GCC_WARN_UNINITIALIZED_AUTOS = YES_AGGRESSIVE;
				GCC_WARN_UNUSED_FUNCTION = YES;
				GCC_WARN_UNUSED_VARIABLE = YES;
				IPHONEOS_DEPLOYMENT_TARGET = 11.0;
				MTL_ENABLE_DEBUG_INFO = YES;
				ONLY_ACTIVE_ARCH = YES;
				SDKROOT = iphoneos;
			};
			name = Debug;
		};
		0377A3E41FB4E68200281840 /* Release */ = {
			isa = XCBuildConfiguration;
			buildSettings = {
				ALWAYS_SEARCH_USER_PATHS = NO;
				CLANG_ANALYZER_NONNULL = YES;
				CLANG_ANALYZER_NUMBER_OBJECT_CONVERSION = YES_AGGRESSIVE;
				CLANG_CXX_LANGUAGE_STANDARD = "gnu++14";
				CLANG_CXX_LIBRARY = "libc++";
				CLANG_ENABLE_MODULES = YES;
				CLANG_ENABLE_OBJC_ARC = YES;
				CLANG_WARN_BLOCK_CAPTURE_AUTORELEASING = YES;
				CLANG_WARN_BOOL_CONVERSION = YES;
				CLANG_WARN_COMMA = YES;
				CLANG_WARN_CONSTANT_CONVERSION = YES;
				CLANG_WARN_DIRECT_OBJC_ISA_USAGE = YES_ERROR;
				CLANG_WARN_DOCUMENTATION_COMMENTS = YES;
				CLANG_WARN_EMPTY_BODY = YES;
				CLANG_WARN_ENUM_CONVERSION = YES;
				CLANG_WARN_INFINITE_RECURSION = YES;
				CLANG_WARN_INT_CONVERSION = YES;
				CLANG_WARN_NON_LITERAL_NULL_CONVERSION = YES;
				CLANG_WARN_OBJC_LITERAL_CONVERSION = YES;
				CLANG_WARN_OBJC_ROOT_CLASS = YES_ERROR;
				CLANG_WARN_RANGE_LOOP_ANALYSIS = YES;
				CLANG_WARN_STRICT_PROTOTYPES = YES;
				CLANG_WARN_SUSPICIOUS_MOVE = YES;
				CLANG_WARN_UNGUARDED_AVAILABILITY = YES_AGGRESSIVE;
				CLANG_WARN_UNREACHABLE_CODE = YES;
				CLANG_WARN__DUPLICATE_METHOD_MATCH = YES;
				CODE_SIGN_IDENTITY = "iPhone Developer";
				COPY_PHASE_STRIP = NO;
				DEBUG_INFORMATION_FORMAT = "dwarf-with-dsym";
				ENABLE_NS_ASSERTIONS = NO;
				ENABLE_STRICT_OBJC_MSGSEND = YES;
				GCC_C_LANGUAGE_STANDARD = gnu11;
				GCC_NO_COMMON_BLOCKS = YES;
				GCC_WARN_64_TO_32_BIT_CONVERSION = YES;
				GCC_WARN_ABOUT_RETURN_TYPE = YES_ERROR;
				GCC_WARN_UNDECLARED_SELECTOR = YES;
				GCC_WARN_UNINITIALIZED_AUTOS = YES_AGGRESSIVE;
				GCC_WARN_UNUSED_FUNCTION = YES;
				GCC_WARN_UNUSED_VARIABLE = YES;
				IPHONEOS_DEPLOYMENT_TARGET = 11.0;
				MTL_ENABLE_DEBUG_INFO = NO;
				SDKROOT = iphoneos;
				VALIDATE_PRODUCT = YES;
			};
			name = Release;
		};
		0377A3E61FB4E68200281840 /* Debug */ = {
			isa = XCBuildConfiguration;
			baseConfigurationReference = 7A961112CC5ED2A26475C51C /* Pods-MotisPlayground.debug.xcconfig */;
			buildSettings = {
				ASSETCATALOG_COMPILER_APPICON_NAME = AppIcon;
				CODE_SIGN_STYLE = Automatic;
				DEVELOPMENT_TEAM = 2VYHE3V7LJ;
				INFOPLIST_FILE = MotisPlayground/Info.plist;
				IPHONEOS_DEPLOYMENT_TARGET = 9.0;
				LD_RUNPATH_SEARCH_PATHS = "$(inherited) @executable_path/Frameworks";
				PRODUCT_BUNDLE_IDENTIFIER = com.github.x128.MotisPlayground;
				PRODUCT_NAME = "$(TARGET_NAME)";
				TARGETED_DEVICE_FAMILY = "1,2";
			};
			name = Debug;
		};
		0377A3E71FB4E68200281840 /* Release */ = {
			isa = XCBuildConfiguration;
			baseConfigurationReference = FE229140807E236D30DADBF2 /* Pods-MotisPlayground.release.xcconfig */;
			buildSettings = {
				ASSETCATALOG_COMPILER_APPICON_NAME = AppIcon;
				CODE_SIGN_STYLE = Automatic;
				DEVELOPMENT_TEAM = 2VYHE3V7LJ;
				INFOPLIST_FILE = MotisPlayground/Info.plist;
				IPHONEOS_DEPLOYMENT_TARGET = 9.0;
				LD_RUNPATH_SEARCH_PATHS = "$(inherited) @executable_path/Frameworks";
				PRODUCT_BUNDLE_IDENTIFIER = com.github.x128.MotisPlayground;
				PRODUCT_NAME = "$(TARGET_NAME)";
				TARGETED_DEVICE_FAMILY = "1,2";
			};
			name = Release;
		};
/* End XCBuildConfiguration section */

/* Begin XCConfigurationList section */
		0377A3CA1FB4E68200281840 /* Build configuration list for PBXProject "MotisPlayground" */ = {
			isa = XCConfigurationList;
			buildConfigurations = (
				0377A3E31FB4E68200281840 /* Debug */,
				0377A3E41FB4E68200281840 /* Release */,
			);
			defaultConfigurationIsVisible = 0;
			defaultConfigurationName = Release;
		};
		0377A3E51FB4E68200281840 /* Build configuration list for PBXNativeTarget "MotisPlayground" */ = {
			isa = XCConfigurationList;
			buildConfigurations = (
				0377A3E61FB4E68200281840 /* Debug */,
				0377A3E71FB4E68200281840 /* Release */,
			);
			defaultConfigurationIsVisible = 0;
			defaultConfigurationName = Release;
		};
/* End XCConfigurationList section */
	};
	rootObject = 0377A3C71FB4E68200281840 /* Project object */;
}
